lockfileVersion: '9.0'

settings:
  autoInstallPeers: true
  excludeLinksFromLockfile: false

importers:

  .:
    dependencies:
      axios:
        specifier: ^1.5.0
        version: 1.7.2
      dotenv:
        specifier: ^16.3.1
        version: 16.4.5
      gpt3-tokenizer:
        specifier: ^1.1.5
        version: 1.1.5
      html-minifier:
        specifier: ^4.0.0
        version: 4.0.0
      js-beautify:
        specifier: ^1.14.9
        version: 1.15.1
      openai:
        specifier: ^4.6.0
        version: 4.53.2
      prettier:
        specifier: ^3.0.3
        version: 3.3.3
      terser:
        specifier: ^5.19.4
        version: 5.31.3

packages:

  '@isaacs/cliui@8.0.2':
    resolution: {integrity: sha512-O8jcjabXaleOG9DQ0+ARXWZBTfnP4WNAqzuiJK7ll44AmxGKv/J2M4TPjxjY3znBCfvBXFzucm1twdyFybFqEA==}
    engines: {node: '>=12'}

  '@jridgewell/gen-mapping@0.3.5':
    resolution: {integrity: sha512-IzL8ZoEDIBRWEzlCcRhOaCupYyN5gdIK+Q6fbFdPDg6HqX6jpkItn7DFIpW9LQzXG6Df9sA7+OKnq0qlz/GaQg==}
    engines: {node: '>=6.0.0'}

  '@jridgewell/resolve-uri@3.1.2':
    resolution: {integrity: sha512-bRISgCIjP20/tbWSPWMEi54QVPRZExkuD9lJL+UIxUKtwVJA8wW1Trb1jMs1RFXo1CBTNZ/5hpC9QvmKWdopKw==}
    engines: {node: '>=6.0.0'}

  '@jridgewell/set-array@1.2.1':
    resolution: {integrity: sha512-R8gLRTZeyp03ymzP/6Lil/28tGeGEzhx1q2k703KGWRAI1VdvPIXdG70VJc2pAMw3NA6JKL5hhFu1sJX0Mnn/A==}
    engines: {node: '>=6.0.0'}

  '@jridgewell/source-map@0.3.6':
    resolution: {integrity: sha512-1ZJTZebgqllO79ue2bm3rIGud/bOe0pP5BjSRCRxxYkEZS8STV7zN84UBbiYu7jy+eCKSnVIUgoWWE/tt+shMQ==}

  '@jridgewell/sourcemap-codec@1.5.0':
    resolution: {integrity: sha512-gv3ZRaISU3fjPAgNsriBRqGWQL6quFx04YMPW/zD8XMLsU32mhCCbfbO6KZFLjvYpCZ8zyDEgqsgf+PwPaM7GQ==}

  '@jridgewell/trace-mapping@0.3.25':
    resolution: {integrity: sha512-vNk6aEwybGtawWmy/PzwnGDOjCkLWSD2wqvjGGAgOAwCGWySYXfYoxt00IJkTF+8Lb57DwOb3Aa0o9CApepiYQ==}

  '@one-ini/wasm@0.1.1':
    resolution: {integrity: sha512-XuySG1E38YScSJoMlqovLru4KTUNSjgVTIjyh7qMX6aNN5HY5Ct5LhRJdxO79JtTzKfzV/bnWpz+zquYrISsvw==}

  '@pkgjs/parseargs@0.11.0':
    resolution: {integrity: sha512-+1VkjdD0QBLPodGrJUeqarH8VAIvQODIbwh9XpP5Syisf7YoQgsJKPNFoqqLQlu+VQ/tVSshMR6loPMn8U+dPg==}
    engines: {node: '>=14'}

  '@types/node-fetch@2.6.11':
    resolution: {integrity: sha512-24xFj9R5+rfQJLRyM56qh+wnVSYhyXC2tkoBndtY0U+vubqNsYXGjufB2nn8Q6gt0LrARwL6UBtMCSVCwl4B1g==}

  '@types/node@18.19.42':
    resolution: {integrity: sha512-d2ZFc/3lnK2YCYhos8iaNIYu9Vfhr92nHiyJHRltXWjXUBjEE+A4I58Tdbnw4VhggSW+2j5y5gTrLs4biNnubg==}

  abbrev@2.0.0:
    resolution: {integrity: sha512-6/mh1E2u2YgEsCHdY0Yx5oW+61gZU+1vXaoiHHrpKeuRNNgFvS+/jrwHiQhB5apAf5oB7UB7E19ol2R2LKH8hQ==}
    engines: {node: ^14.17.0 || ^16.13.0 || >=18.0.0}

  abort-controller@3.0.0:
    resolution: {integrity: sha512-h8lQ8tacZYnR3vNQTgibj+tODHI5/+l06Au2Pcriv/Gmet0eaj4TwWH41sO9wnHDiQsEj19q0drzdWdeAHtweg==}
    engines: {node: '>=6.5'}

  acorn@8.12.1:
    resolution: {integrity: sha512-tcpGyI9zbizT9JbV6oYE477V6mTlXvvi0T0G3SNIYE2apm/G5huBa1+K89VGeovbg+jycCrfhl3ADxErOuO6Jg==}
    engines: {node: '>=0.4.0'}
    hasBin: true

  agentkeepalive@4.5.0:
    resolution: {integrity: sha512-5GG/5IbQQpC9FpkRGsSvZI5QYeSCzlJHdpBQntCsuTOxhKD8lqKhrleg2Yi7yvMIf82Ycmmqln9U8V9qwEiJew==}
    engines: {node: '>= 8.0.0'}

  ansi-regex@5.0.1:
    resolution: {integrity: sha512-quJQXlTSUGL2LH9SUXo8VwsY4soanhgo6LNSm84E1LBcE8s3O0wpdiRzyR9z/ZZJMlMWv37qOOb9pdJlMUEKFQ==}
    engines: {node: '>=8'}

  ansi-regex@6.0.1:
    resolution: {integrity: sha512-n5M855fKb2SsfMIiFFoVrABHJC8QtHwVx+mHWP3QcEqBHYienj5dHSgjbxtC0WEZXYt4wcD6zrQElDPhFuZgfA==}
    engines: {node: '>=12'}

  ansi-styles@4.3.0:
    resolution: {integrity: sha512-zbB9rCJAT1rbjiVDb2hqKFHNYLxgtk8NURxZ3IZwD3F6NtxbXZQCnnSi1Lkx+IDohdPlFp222wVALIheZJQSEg==}
    engines: {node: '>=8'}

  ansi-styles@6.2.1:
    resolution: {integrity: sha512-bN798gFfQX+viw3R7yrGWRqnrN2oRkEkUjjl4JNn4E8GxxbjtG3FbrEIIY3l8/hrwUwIeCZvi4QuOTP4MErVug==}
    engines: {node: '>=12'}

  array-keyed-map@2.1.3:
    resolution: {integrity: sha512-JIUwuFakO+jHjxyp4YgSiKXSZeC0U+R1jR94bXWBcVlFRBycqXlb+kH9JHxBGcxnVuSqx5bnn0Qz9xtSeKOjiA==}

  asynckit@0.4.0:
    resolution: {integrity: sha512-Oei9OH4tRh0YqU3GxhX79dM/mwVgvbZJaSNaRk+bshkj0S5cfHcgYakreBjrHwatXKbz+IoIdYLxrKim2MjW0Q==}

  axios@1.7.2:
    resolution: {integrity: sha512-2A8QhOMrbomlDuiLeK9XibIBzuHeRcqqNOHp0Cyp5EoJ1IFDh+XZH3A6BkXtv0K4gFGCI0Y4BM7B1wOEi0Rmgw==}

  balanced-match@1.0.2:
    resolution: {integrity: sha512-3oSeUO0TMV67hN1AmbXsK4yaqU7tjiHlbxRDZOpH0KW9+CeX4bRAaX0Anxt0tx2MrpRpWwQaPwIlISEJhYU5Pw==}

  brace-expansion@2.0.1:
    resolution: {integrity: sha512-XnAIvQ8eM+kC6aULx6wuQiwVsnzsi9d3WxzV3FpWTGA19F621kwdbsAcFKXgKUHZWsy+mY6iL1sHTxWEFCytDA==}

  buffer-from@1.1.2:
    resolution: {integrity: sha512-E+XQCRwSbaaiChtv6k6Dwgc+bx+Bs6vuKJHHl5kox/BaKbhiXzqQOwK4cO22yElGp2OCmjwVhT3HmxgyPGnJfQ==}

  camel-case@3.0.0:
    resolution: {integrity: sha512-+MbKztAYHXPr1jNTSKQF52VpcFjwY5RkR7fxksV8Doo4KAYc5Fl4UJRgthBbTmEx8C54DqahhbLJkDwjI3PI/w==}

  clean-css@4.2.4:
    resolution: {integrity: sha512-EJUDT7nDVFDvaQgAo2G/PJvxmp1o/c6iXLbswsBbUFXi1Nr+AjA2cKmfbKDMjMvzEe75g3P6JkaDDAKk96A85A==}
    engines: {node: '>= 4.0'}

  color-convert@2.0.1:
    resolution: {integrity: sha512-RRECPsj7iu/xb5oKYcsFHSppFNnsj/52OVTRKb4zP5onXwVF3zVmmToNcOfGC+CRDpfK/U584fMg38ZHCaElKQ==}
    engines: {node: '>=7.0.0'}

  color-name@1.1.4:
    resolution: {integrity: sha512-dOy+3AuW3a2wNbZHIuMZpTcgjGuLU/uBL/ubcZF9OXbDo8ff4O8yVp5Bf0efS8uEoYo5q4Fx7dY9OgQGXgAsQA==}

  combined-stream@1.0.8:
    resolution: {integrity: sha512-FQN4MRfuJeHf7cBbBMJFXhKSDq+2kAArBlmRBvcvFE5BB1HZKXtSFASDhdlz9zOYwxh8lDdnvmMOe/+5cdoEdg==}
    engines: {node: '>= 0.8'}

  commander@10.0.1:
    resolution: {integrity: sha512-y4Mg2tXshplEbSGzx7amzPwKKOCGuoSRP/CjEdwwk0FOGlUbq6lKuoyDZTNZkmxHdJtp54hdfY/JUrdL7Xfdug==}
    engines: {node: '>=14'}

  commander@2.20.3:
    resolution: {integrity: sha512-GpVkmM8vF2vQUkj2LvZmD35JxeJOLCwJ9cUkugyk2nuhbv3+mJvpLYYt+0+USMxE+oj+ey/lJEnhZw75x/OMcQ==}

  config-chain@1.1.13:
    resolution: {integrity: sha512-qj+f8APARXHrM0hraqXYb2/bOVSV4PvJQlNZ/DVj0QrmNM2q2euizkeuVckQ57J+W0mRH6Hvi+k50M4Jul2VRQ==}

  cross-spawn@7.0.3:
    resolution: {integrity: sha512-iRDPJKUPVEND7dHPO8rkbOnPpyDygcDFtWjpeWNCgy8WP2rXcxXL8TskReQl6OrB2G7+UJrags1q15Fudc7G6w==}
    engines: {node: '>= 8'}

  delayed-stream@1.0.0:
    resolution: {integrity: sha512-ZySD7Nf91aLB0RxL4KGrKHBXl7Eds1DAmEdcoVawXnLD7SDhpNgtuII2aAkg7a7QS41jxPSZ17p4VdGnMHk3MQ==}
    engines: {node: '>=0.4.0'}

  dotenv@16.4.5:
    resolution: {integrity: sha512-ZmdL2rui+eB2YwhsWzjInR8LldtZHGDoQ1ugH85ppHKwpUHL7j7rN0Ti9NCnGiQbhaZ11FpR+7ao1dNsmduNUg==}
    engines: {node: '>=12'}

  eastasianwidth@0.2.0:
    resolution: {integrity: sha512-I88TYZWc9XiYHRQ4/3c5rjjfgkjhLyW2luGIheGERbNQ6OY7yTybanSpDXZa8y7VUP9YmDcYa+eyq4ca7iLqWA==}

  editorconfig@1.0.4:
    resolution: {integrity: sha512-L9Qe08KWTlqYMVvMcTIvMAdl1cDUubzRNYL+WfA4bLDMHe4nemKkpmYzkznE1FwLKu0EEmy6obgQKzMJrg4x9Q==}
    engines: {node: '>=14'}
    hasBin: true

  emoji-regex@8.0.0:
    resolution: {integrity: sha512-MSjYzcWNOA0ewAHpz0MxpYFvwg6yjy1NG3xteoqz644VCo/RPgnr1/GGt+ic3iJTzQ8Eu3TdM14SawnVUmGE6A==}

  emoji-regex@9.2.2:
    resolution: {integrity: sha512-L18DaJsXSUk2+42pv8mLs5jJT2hqFkFE4j21wOmgbUqsZ2hL72NsUU785g9RXgo3s0ZNgVl42TiHp3ZtOv/Vyg==}

  event-target-shim@5.0.1:
    resolution: {integrity: sha512-i/2XbnSz/uxRCU6+NdVJgKWDTM427+MqYbkQzD321DuCQJUqOuJKIA0IM2+W2xtYHdKOmZ4dR6fExsd4SXL+WQ==}
    engines: {node: '>=6'}

  follow-redirects@1.15.6:
    resolution: {integrity: sha512-wWN62YITEaOpSK584EZXJafH1AGpO8RVgElfkuXbTOrPX4fIfOyEpW/CsiNd8JdYrAoOvafRTOEnvsO++qCqFA==}
    engines: {node: '>=4.0'}
    peerDependencies:
      debug: '*'
    peerDependenciesMeta:
      debug:
        optional: true

  foreground-child@3.2.1:
    resolution: {integrity: sha512-PXUUyLqrR2XCWICfv6ukppP96sdFwWbNEnfEMt7jNsISjMsvaLNinAHNDYyvkyU+SZG2BTSbT5NjG+vZslfGTA==}
    engines: {node: '>=14'}

  form-data-encoder@1.7.2:
    resolution: {integrity: sha512-qfqtYan3rxrnCk1VYaA4H+Ms9xdpPqvLZa6xmMgFvhO32x7/3J/ExcTd6qpxM0vH2GdMI+poehyBZvqfMTto8A==}

  form-data@4.0.0:
    resolution: {integrity: sha512-ETEklSGi5t0QMZuiXoA/Q6vcnxcLQP5vdugSpuAyi6SVGi2clPPp+xgEhuMaHC+zGgn31Kd235W35f7Hykkaww==}
    engines: {node: '>= 6'}

  formdata-node@4.4.1:
    resolution: {integrity: sha512-0iirZp3uVDjVGt9p49aTaqjk84TrglENEDuqfdlZQ1roC9CWlPk6Avf8EEnZNcAqPonwkG35x4n3ww/1THYAeQ==}
    engines: {node: '>= 12.20'}

  glob@10.4.5:
    resolution: {integrity: sha512-7Bv8RF0k6xjo7d4A/PxYLbUCfb6c+Vpd2/mB2yRDlew7Jb5hEXiCD9ibfO7wpk8i4sevK6DFny9h7EYbM3/sHg==}
    hasBin: true

  gpt3-tokenizer@1.1.5:
    resolution: {integrity: sha512-O9iCL8MqGR0Oe9wTh0YftzIbysypNQmS5a5JG3cB3M4LMYjlAVvNnf8LUzVY9MrI7tj+YLY356uHtO2lLX2HpA==}
    engines: {node: '>=12'}

  he@1.2.0:
    resolution: {integrity: sha512-F/1DnUGPopORZi0ni+CvrCgHQ5FyEAHRLSApuYWMmrbSwoN2Mn/7k+Gl38gJnR7yyDZk6WLXwiGod1JOWNDKGw==}
    hasBin: true

  html-minifier@4.0.0:
    resolution: {integrity: sha512-aoGxanpFPLg7MkIl/DDFYtb0iWz7jMFGqFhvEDZga6/4QTjneiD8I/NXL1x5aaoCp7FSIT6h/OhykDdPsbtMig==}
    engines: {node: '>=6'}
    hasBin: true

  humanize-ms@1.2.1:
    resolution: {integrity: sha512-Fl70vYtsAFb/C06PTS9dZBo7ihau+Tu/DNCk/OyHhea07S+aeMWpFFkUaXRa8fI+ScZbEI8dfSxwY7gxZ9SAVQ==}

  ini@1.3.8:
    resolution: {integrity: sha512-JV/yugV2uzW5iMRSiZAyDtQd+nxtUnjeLt0acNdw98kKLrvuRVyB80tsREOE7yvGVgalhZ6RNXCmEHkUKBKxew==}

  is-fullwidth-code-point@3.0.0:
    resolution: {integrity: sha512-zymm5+u+sCsSWyD9qNaejV3DFvhCKclKdizYaJUuHA83RLjb7nSuGnddCHGv0hk+KY7BMAlsWeK4Ueg6EV6XQg==}
    engines: {node: '>=8'}

  isexe@2.0.0:
    resolution: {integrity: sha512-RHxMLp9lnKHGHRng9QFhRCMbYAcVpn69smSGcq3f36xjgVVWThj4qqLbTLlq7Ssj8B+fIQ1EuCEGI2lKsyQeIw==}

  jackspeak@3.4.3:
    resolution: {integrity: sha512-OGlZQpz2yfahA/Rd1Y8Cd9SIEsqvXkLVoSw/cgwhnhFMDbsQFeZYoJJ7bIZBS9BcamUW96asq/npPWugM+RQBw==}

  js-beautify@1.15.1:
    resolution: {integrity: sha512-ESjNzSlt/sWE8sciZH8kBF8BPlwXPwhR6pWKAw8bw4Bwj+iZcnKW6ONWUutJ7eObuBZQpiIb8S7OYspWrKt7rA==}
    engines: {node: '>=14'}
    hasBin: true

  js-cookie@3.0.5:
    resolution: {integrity: sha512-cEiJEAEoIbWfCZYKWhVwFuvPX1gETRYPw6LlaTKoxD3s2AkXzkCjnp6h0V77ozyqj0jakteJ4YqDJT830+lVGw==}
    engines: {node: '>=14'}

  lower-case@1.1.4:
    resolution: {integrity: sha512-2Fgx1Ycm599x+WGpIYwJOvsjmXFzTSc34IwDWALRA/8AopUKAVPwfJ+h5+f85BCp0PWmmJcWzEpxOpoXycMpdA==}

  lru-cache@10.4.3:
    resolution: {integrity: sha512-JNAzZcXrCt42VGLuYz0zfAzDfAvJWW6AfYlDBQyDV5DClI2m5sAmK+OIO7s59XfsRsWHp02jAJrRadPRGTt6SQ==}

  mime-db@1.52.0:
    resolution: {integrity: sha512-sPU4uV7dYlvtWJxwwxHD0PuihVNiE7TyAbQ5SWxDCB9mUYvOgroQOwYQQOKPJ8CIbE+1ETVlOoK1UC2nU3gYvg==}
    engines: {node: '>= 0.6'}

  mime-types@2.1.35:
    resolution: {integrity: sha512-ZDY+bPm5zTTF+YpCrAU9nK0UgICYPT0QtT1NZWFv4s++TNkcgVaT0g6+4R2uI4MjQjzysHB1zxuWL50hzaeXiw==}
    engines: {node: '>= 0.6'}

  minimatch@9.0.1:
    resolution: {integrity: sha512-0jWhJpD/MdhPXwPuiRkCbfYfSKp2qnn2eOc279qI7f+osl/l+prKSrvhg157zSYvx/1nmgn2NqdT6k2Z7zSH9w==}
    engines: {node: '>=16 || 14 >=14.17'}

  minimatch@9.0.5:
    resolution: {integrity: sha512-G6T0ZX48xgozx7587koeX9Ys2NYy6Gmv//P89sEte9V9whIapMNF4idKxnW2QtCcLiTWlb/wfCabAtAFWhhBow==}
    engines: {node: '>=16 || 14 >=14.17'}

  minipass@7.1.2:
    resolution: {integrity: sha512-qOOzS1cBTWYF4BH8fVePDBOO9iptMnGUEZwNc/cMWnTV2nVLZ7VoNWEPHkYczZA0pdoA7dl6e7FL659nX9S2aw==}
    engines: {node: '>=16 || 14 >=14.17'}

  ms@2.1.3:
    resolution: {integrity: sha512-6FlzubTLZG3J2a/NVCAleEhjzq5oxgHyaCU9yYXvcLsvoVaHJq/s5xXI6/XXP6tz7R9xAOtHnSO/tXtF3WRTlA==}

  no-case@2.3.2:
    resolution: {integrity: sha512-rmTZ9kz+f3rCvK2TD1Ue/oZlns7OGoIWP4fc3llxxRXlOkHKoWPPWJOfFYpITabSow43QJbRIoHQXtt10VldyQ==}

  node-domexception@1.0.0:
    resolution: {integrity: sha512-/jKZoMpw0F8GRwl4/eLROPA3cfcXtLApP0QzLmUT/HuPCZWyB7IY9ZrMeKw2O/nFIqPQB3PVM9aYm0F312AXDQ==}
    engines: {node: '>=10.5.0'}

  node-fetch@2.7.0:
    resolution: {integrity: sha512-c4FRfUm/dbcWZ7U+1Wq0AwCyFL+3nt2bEw05wfxSz+DWpWsitgmSgYmy2dQdWyKC1694ELPqMs/YzUSNozLt8A==}
    engines: {node: 4.x || >=6.0.0}
    peerDependencies:
      encoding: ^0.1.0
    peerDependenciesMeta:
      encoding:
        optional: true

  nopt@7.2.1:
    resolution: {integrity: sha512-taM24ViiimT/XntxbPyJQzCG+p4EKOpgD3mxFwW38mGjVUrfERQOeY4EDHjdnptttfHuHQXFx+lTP08Q+mLa/w==}
    engines: {node: ^14.17.0 || ^16.13.0 || >=18.0.0}
    hasBin: true

  openai@4.53.2:
    resolution: {integrity: sha512-ohYEv6OV3jsFGqNrgolDDWN6Ssx1nFg6JDJQuaBFo4SL2i+MBoOQ16n2Pq1iBF5lH1PKnfCIOfqAGkmzPvdB9g==}
    hasBin: true

  package-json-from-dist@1.0.0:
    resolution: {integrity: sha512-dATvCeZN/8wQsGywez1mzHtTlP22H8OEfPrVMLNr4/eGa+ijtLn/6M5f0dY8UKNrC2O9UCU6SSoG3qRKnt7STw==}

  param-case@2.1.1:
    resolution: {integrity: sha512-eQE845L6ot89sk2N8liD8HAuH4ca6Vvr7VWAWwt7+kvvG5aBcPmmphQ68JsEG2qa9n1TykS2DLeMt363AAH8/w==}

  path-key@3.1.1:
    resolution: {integrity: sha512-ojmeN0qd+y0jszEtoY48r0Peq5dwMEkIlCOu6Q5f41lfkswXuKtYrhgoTpLnyIcHm24Uhqx+5Tqm2InSwLhE6Q==}
    engines: {node: '>=8'}

  path-scurry@1.11.1:
    resolution: {integrity: sha512-Xa4Nw17FS9ApQFJ9umLiJS4orGjm7ZzwUrwamcGQuHSzDyth9boKDaycYdDcZDuqYATXw4HFXgaqWTctW/v1HA==}
    engines: {node: '>=16 || 14 >=14.18'}

  prettier@3.3.3:
    resolution: {integrity: sha512-i2tDNA0O5IrMO757lfrdQZCc2jPNDVntV0m/+4whiDfWaTKfMNgR7Qz0NAeGz/nRqF4m5/6CLzbP4/liHt12Ew==}
    engines: {node: '>=14'}
    hasBin: true

  proto-list@1.2.4:
    resolution: {integrity: sha512-vtK/94akxsTMhe0/cbfpR+syPuszcuwhqVjJq26CuNDgFGj682oRBXOP5MJpv2r7JtE8MsiepGIqvvOTBwn2vA==}

  proxy-from-env@1.1.0:
    resolution: {integrity: sha512-D+zkORCbA9f1tdWRK0RaCR3GPv50cMxcrz4X8k5LTSUD1Dkw47mKJEZQNunItRTkWwgtaUSo1RVFRIG9ZXiFYg==}

  relateurl@0.2.7:
    resolution: {integrity: sha512-G08Dxvm4iDN3MLM0EsP62EDV9IuhXPR6blNz6Utcp7zyV3tr4HVNINt6MpaRWbxoOHT3Q7YN2P+jaHX8vUbgog==}
    engines: {node: '>= 0.10'}

  semver@7.6.3:
    resolution: {integrity: sha512-oVekP1cKtI+CTDvHWYFUcMtsK/00wmAEfyqKfNdARm8u1wNVhSgaX7A8d4UuIlUI5e84iEwOhs7ZPYRmzU9U6A==}
    engines: {node: '>=10'}
    hasBin: true

  shebang-command@2.0.0:
    resolution: {integrity: sha512-kHxr2zZpYtdmrN1qDjrrX/Z1rR1kG8Dx+gkpK1G4eXmvXswmcE1hTWBWYUzlraYw1/yZp6YuDY77YtvbN0dmDA==}
    engines: {node: '>=8'}

  shebang-regex@3.0.0:
    resolution: {integrity: sha512-7++dFhtcx3353uBaq8DDR4NuxBetBzC7ZQOhmTQInHEd6bSrXdiEyzCvG07Z44UYdLShWUyXt5M/yhz8ekcb1A==}
    engines: {node: '>=8'}

  signal-exit@4.1.0:
    resolution: {integrity: sha512-bzyZ1e88w9O1iNJbKnOlvYTrWPDl46O1bG0D3XInv+9tkPrxrN8jUUTiFlDkkmKWgn1M6CfIA13SuGqOa9Korw==}
    engines: {node: '>=14'}

  source-map-support@0.5.21:
    resolution: {integrity: sha512-uBHU3L3czsIyYXKX88fdrGovxdSCoTGDRZ6SYXtSRxLZUzHg5P/66Ht6uoUlHu9EZod+inXhKo3qQgwXUT/y1w==}

  source-map@0.6.1:
    resolution: {integrity: sha512-UjgapumWlbMhkBgzT7Ykc5YXUT46F0iKu8SGXq0bcwP5dz/h0Plj6enJqjz1Zbq2l5WaqYnrVbwWOWMyF3F47g==}
    engines: {node: '>=0.10.0'}

  string-width@4.2.3:
    resolution: {integrity: sha512-wKyQRQpjJ0sIp62ErSZdGsjMJWsap5oRNihHhu6G7JVO/9jIB6UyevL+tXuOqrng8j/cxKTWyWUwvSTriiZz/g==}
    engines: {node: '>=8'}

  string-width@5.1.2:
    resolution: {integrity: sha512-HnLOCR3vjcY8beoNLtcjZ5/nxn2afmME6lhrDrebokqMap+XbeW8n9TXpPDOqdGK5qcI3oT0GKTW6wC7EMiVqA==}
    engines: {node: '>=12'}

  strip-ansi@6.0.1:
    resolution: {integrity: sha512-Y38VPSHcqkFrCpFnQ9vuSXmquuv5oXOKpGeT6aGrr3o3Gc9AlVa6JBfUSOCnbxGGZF+/0ooI7KrPuUSztUdU5A==}
    engines: {node: '>=8'}

  strip-ansi@7.1.0:
    resolution: {integrity: sha512-iq6eVVI64nQQTRYq2KtEg2d2uU7LElhTJwsH4YzIHZshxlgZms/wIc4VoDQTlG/IvVIrBKG06CrZnp0qv7hkcQ==}
    engines: {node: '>=12'}

  terser@5.31.3:
    resolution: {integrity: sha512-pAfYn3NIZLyZpa83ZKigvj6Rn9c/vd5KfYGX7cN1mnzqgDcxWvrU5ZtAfIKhEXz9nRecw4z3LXkjaq96/qZqAA==}
    engines: {node: '>=10'}
    hasBin: true

  tr46@0.0.3:
    resolution: {integrity: sha512-N3WMsuqV66lT30CrXNbEjx4GEwlow3v6rr4mCcv6prnfwhS01rkgyFdjPNBYd9br7LpXV1+Emh01fHnq2Gdgrw==}

  uglify-js@3.19.1:
    resolution: {integrity: sha512-y/2wiW+ceTYR2TSSptAhfnEtpLaQ4Ups5zrjB2d3kuVxHj16j/QJwPl5PvuGy9uARb39J0+iKxcRPvtpsx4A4A==}
    engines: {node: '>=0.8.0'}
    hasBin: true

  undici-types@5.26.5:
    resolution: {integrity: sha512-JlCMO+ehdEIKqlFxk6IfVoAUVmgz7cU7zD/h9XZ0qzeosSHmUJVOzSQvvYSYWXkFXC+IfLKSIffhv0sVZup6pA==}

  upper-case@1.1.3:
    resolution: {integrity: sha512-WRbjgmYzgXkCV7zNVpy5YgrHgbBv126rMALQQMrmzOVC4GM2waQ9x7xtm8VU+1yF2kWyPzI9zbZ48n4vSxwfSA==}

  web-streams-polyfill@4.0.0-beta.3:
    resolution: {integrity: sha512-QW95TCTaHmsYfHDybGMwO5IJIM93I/6vTRk+daHTWFPhwh+C8Cg7j7XyKrwrj8Ib6vYXe0ocYNrmzY4xAAN6ug==}
    engines: {node: '>= 14'}

  webidl-conversions@3.0.1:
    resolution: {integrity: sha512-2JAn3z8AR6rjK8Sm8orRC0h/bcl/DqL7tRPdGZ4I1CjdF+EaMLmYxBHyXuKL849eucPFhvBoxMsflfOb8kxaeQ==}

  whatwg-url@5.0.0:
    resolution: {integrity: sha512-saE57nupxk6v3HY35+jzBwYa0rKSy0XR8JSxZPwgLr7ys0IBzhGviA1/TUGJLmSVqs8pb9AnvICXEuOHLprYTw==}

  which@2.0.2:
    resolution: {integrity: sha512-BLI3Tl1TW3Pvl70l3yq3Y64i+awpwXqsGBYWkkqMtnbXgrMD+yj7rhW0kuEDxzJaYXGjEW5ogapKNMEKNMjibA==}
    engines: {node: '>= 8'}
    hasBin: true

  wrap-ansi@7.0.0:
    resolution: {integrity: sha512-YVGIj2kamLSTxw6NsZjoBxfSwsn0ycdesmc4p+Q21c5zPuZ1pl+NfxVdxPtdHvmNVOQ6XSYG4AUtyt/Fi7D16Q==}
    engines: {node: '>=10'}

  wrap-ansi@8.1.0:
    resolution: {integrity: sha512-si7QWI6zUMq56bESFvagtmzMdGOtoxfR+Sez11Mobfc7tm+VkUckk9bW2UeffTGVUbOksxmSw0AA2gs8g71NCQ==}
    engines: {node: '>=12'}

snapshots:

  '@isaacs/cliui@8.0.2':
    dependencies:
      string-width: 5.1.2
      string-width-cjs: string-width@4.2.3
      strip-ansi: 7.1.0
      strip-ansi-cjs: strip-ansi@6.0.1
      wrap-ansi: 8.1.0
      wrap-ansi-cjs: wrap-ansi@7.0.0

  '@jridgewell/gen-mapping@0.3.5':
    dependencies:
      '@jridgewell/set-array': 1.2.1
      '@jridgewell/sourcemap-codec': 1.5.0
      '@jridgewell/trace-mapping': 0.3.25

  '@jridgewell/resolve-uri@3.1.2': {}

  '@jridgewell/set-array@1.2.1': {}

  '@jridgewell/source-map@0.3.6':
    dependencies:
      '@jridgewell/gen-mapping': 0.3.5
      '@jridgewell/trace-mapping': 0.3.25

  '@jridgewell/sourcemap-codec@1.5.0': {}

  '@jridgewell/trace-mapping@0.3.25':
    dependencies:
      '@jridgewell/resolve-uri': 3.1.2
      '@jridgewell/sourcemap-codec': 1.5.0

  '@one-ini/wasm@0.1.1': {}

  '@pkgjs/parseargs@0.11.0':
    optional: true

  '@types/node-fetch@2.6.11':
    dependencies:
      '@types/node': 18.19.42
      form-data: 4.0.0

  '@types/node@18.19.42':
    dependencies:
      undici-types: 5.26.5

  abbrev@2.0.0: {}

  abort-controller@3.0.0:
    dependencies:
      event-target-shim: 5.0.1

  acorn@8.12.1: {}

  agentkeepalive@4.5.0:
    dependencies:
      humanize-ms: 1.2.1

  ansi-regex@5.0.1: {}

  ansi-regex@6.0.1: {}

  ansi-styles@4.3.0:
    dependencies:
      color-convert: 2.0.1

  ansi-styles@6.2.1: {}

  array-keyed-map@2.1.3: {}

  asynckit@0.4.0: {}

  axios@1.7.2:
    dependencies:
      follow-redirects: 1.15.6
      form-data: 4.0.0
      proxy-from-env: 1.1.0
    transitivePeerDependencies:
      - debug

  balanced-match@1.0.2: {}

  brace-expansion@2.0.1:
    dependencies:
      balanced-match: 1.0.2

  buffer-from@1.1.2: {}

  camel-case@3.0.0:
    dependencies:
      no-case: 2.3.2
      upper-case: 1.1.3

  clean-css@4.2.4:
    dependencies:
      source-map: 0.6.1

  color-convert@2.0.1:
    dependencies:
      color-name: 1.1.4

  color-name@1.1.4: {}

  combined-stream@1.0.8:
    dependencies:
      delayed-stream: 1.0.0

  commander@10.0.1: {}

  commander@2.20.3: {}

  config-chain@1.1.13:
    dependencies:
      ini: 1.3.8
      proto-list: 1.2.4

  cross-spawn@7.0.3:
    dependencies:
      path-key: 3.1.1
      shebang-command: 2.0.0
      which: 2.0.2

  delayed-stream@1.0.0: {}

  dotenv@16.4.5: {}

  eastasianwidth@0.2.0: {}

  editorconfig@1.0.4:
    dependencies:
      '@one-ini/wasm': 0.1.1
      commander: 10.0.1
      minimatch: 9.0.1
      semver: 7.6.3

  emoji-regex@8.0.0: {}

  emoji-regex@9.2.2: {}

  event-target-shim@5.0.1: {}

  follow-redirects@1.15.6: {}

  foreground-child@3.2.1:
    dependencies:
      cross-spawn: 7.0.3
      signal-exit: 4.1.0

  form-data-encoder@1.7.2: {}

  form-data@4.0.0:
    dependencies:
      asynckit: 0.4.0
      combined-stream: 1.0.8
      mime-types: 2.1.35

  formdata-node@4.4.1:
    dependencies:
      node-domexception: 1.0.0
      web-streams-polyfill: 4.0.0-beta.3

  glob@10.4.5:
    dependencies:
      foreground-child: 3.2.1
      jackspeak: 3.4.3
      minimatch: 9.0.5
      minipass: 7.1.2
      package-json-from-dist: 1.0.0
      path-scurry: 1.11.1

  gpt3-tokenizer@1.1.5:
    dependencies:
      array-keyed-map: 2.1.3

  he@1.2.0: {}

  html-minifier@4.0.0:
    dependencies:
      camel-case: 3.0.0
      clean-css: 4.2.4
      commander: 2.20.3
      he: 1.2.0
      param-case: 2.1.1
      relateurl: 0.2.7
      uglify-js: 3.19.1

  humanize-ms@1.2.1:
    dependencies:
      ms: 2.1.3

  ini@1.3.8: {}

  is-fullwidth-code-point@3.0.0: {}

  isexe@2.0.0: {}

  jackspeak@3.4.3:
    dependencies:
      '@isaacs/cliui': 8.0.2
    optionalDependencies:
      '@pkgjs/parseargs': 0.11.0

  js-beautify@1.15.1:
    dependencies:
      config-chain: 1.1.13
      editorconfig: 1.0.4
      glob: 10.4.5
      js-cookie: 3.0.5
      nopt: 7.2.1

  js-cookie@3.0.5: {}

  lower-case@1.1.4: {}

  lru-cache@10.4.3: {}

  mime-db@1.52.0: {}

  mime-types@2.1.35:
    dependencies:
      mime-db: 1.52.0

  minimatch@9.0.1:
    dependencies:
      brace-expansion: 2.0.1

  minimatch@9.0.5:
    dependencies:
      brace-expansion: 2.0.1

  minipass@7.1.2: {}

  ms@2.1.3: {}

  no-case@2.3.2:
    dependencies:
      lower-case: 1.1.4

  node-domexception@1.0.0: {}

  node-fetch@2.7.0:
    dependencies:
      whatwg-url: 5.0.0

  nopt@7.2.1:
    dependencies:
      abbrev: 2.0.0

  openai@4.53.2:
    dependencies:
      '@types/node': 18.19.42
      '@types/node-fetch': 2.6.11
      abort-controller: 3.0.0
      agentkeepalive: 4.5.0
      form-data-encoder: 1.7.2
      formdata-node: 4.4.1
      node-fetch: 2.7.0
    transitivePeerDependencies:
      - encoding

  package-json-from-dist@1.0.0: {}

  param-case@2.1.1:
    dependencies:
      no-case: 2.3.2

  path-key@3.1.1: {}

  path-scurry@1.11.1:
    dependencies:
      lru-cache: 10.4.3
      minipass: 7.1.2

  prettier@3.3.3: {}

  proto-list@1.2.4: {}

  proxy-from-env@1.1.0: {}

  relateurl@0.2.7: {}

  semver@7.6.3: {}

  shebang-command@2.0.0:
    dependencies:
      shebang-regex: 3.0.0

  shebang-regex@3.0.0: {}

  signal-exit@4.1.0: {}

  source-map-support@0.5.21:
    dependencies:
      buffer-from: 1.1.2
      source-map: 0.6.1

  source-map@0.6.1: {}

  string-width@4.2.3:
    dependencies:
      emoji-regex: 8.0.0
      is-fullwidth-code-point: 3.0.0
      strip-ansi: 6.0.1

  string-width@5.1.2:
    dependencies:
      eastasianwidth: 0.2.0
      emoji-regex: 9.2.2
      strip-ansi: 7.1.0

  strip-ansi@6.0.1:
    dependencies:
      ansi-regex: 5.0.1

  strip-ansi@7.1.0:
    dependencies:
      ansi-regex: 6.0.1

  terser@5.31.3:
    dependencies:
      '@jridgewell/source-map': 0.3.6
      acorn: 8.12.1
      commander: 2.20.3
      source-map-support: 0.5.21

  tr46@0.0.3: {}

  uglify-js@3.19.1: {}

  undici-types@5.26.5: {}

  upper-case@1.1.3: {}

  web-streams-polyfill@4.0.0-beta.3: {}

  webidl-conversions@3.0.1: {}

  whatwg-url@5.0.0:
    dependencies:
      tr46: 0.0.3
      webidl-conversions: 3.0.1

  which@2.0.2:
    dependencies:
      isexe: 2.0.0

  wrap-ansi@7.0.0:
    dependencies:
      ansi-styles: 4.3.0
      string-width: 4.2.3
      strip-ansi: 6.0.1

  wrap-ansi@8.1.0:
    dependencies:
      ansi-styles: 6.2.1
      string-width: 5.1.2
      strip-ansi: 7.1.0
